// !$*UTF8*$!
{
	archiveVersion = 1;
	classes = {
	};
	objectVersion = 46;
	objects = {

/* Begin PBXBuildFile section */
		27EFD2461D2F70BF0000D5E2 /* AppDelegate.swift in Sources */ = {isa = PBXBuildFile; fileRef = 27EFD2451D2F70BF0000D5E2 /* AppDelegate.swift */; };
		27EFD2481D2F70BF0000D5E2 /* LoginViewController.swift in Sources */ = {isa = PBXBuildFile; fileRef = 27EFD2471D2F70BF0000D5E2 /* LoginViewController.swift */; };
		27EFD24B1D2F70BF0000D5E2 /* Main.storyboard in Resources */ = {isa = PBXBuildFile; fileRef = 27EFD2491D2F70BF0000D5E2 /* Main.storyboard */; };
		27EFD24D1D2F70BF0000D5E2 /* Assets.xcassets in Resources */ = {isa = PBXBuildFile; fileRef = 27EFD24C1D2F70BF0000D5E2 /* Assets.xcassets */; };
		27EFD2501D2F70BF0000D5E2 /* LaunchScreen.storyboard in Resources */ = {isa = PBXBuildFile; fileRef = 27EFD24E1D2F70BF0000D5E2 /* LaunchScreen.storyboard */; };
		27EFD25A1D2F720A0000D5E2 /* SignUpBG.jpeg in Resources */ = {isa = PBXBuildFile; fileRef = 27EFD2571D2F720A0000D5E2 /* SignUpBG.jpeg */; };
		27EFD25C1D2F720A0000D5E2 /* LoginBG.jpeg in Resources */ = {isa = PBXBuildFile; fileRef = 27EFD2591D2F720A0000D5E2 /* LoginBG.jpeg */; };
		27EFD25F1D2F7A500000D5E2 /* CustomizableButton.swift in Sources */ = {isa = PBXBuildFile; fileRef = 27EFD25E1D2F7A4F0000D5E2 /* CustomizableButton.swift */; };
		27EFD2611D2F7A660000D5E2 /* CustomizableTextField.swift in Sources */ = {isa = PBXBuildFile; fileRef = 27EFD2601D2F7A660000D5E2 /* CustomizableTextField.swift */; };
		27EFD2651D2F7E610000D5E2 /* user-placeholder.jpg in Resources */ = {isa = PBXBuildFile; fileRef = 27EFD2641D2F7E610000D5E2 /* user-placeholder.jpg */; };
		27EFD2671D2F7EAD0000D5E2 /* CustomizableImageView.swift in Sources */ = {isa = PBXBuildFile; fileRef = 27EFD2661D2F7EAD0000D5E2 /* CustomizableImageView.swift */; };
		27EFD26A1D2F80050000D5E2 /* SignupViewController.swift in Sources */ = {isa = PBXBuildFile; fileRef = 27EFD2691D2F80050000D5E2 /* SignupViewController.swift */; };
		27EFD26C1D2F83E50000D5E2 /* ResetBG.jpeg in Resources */ = {isa = PBXBuildFile; fileRef = 27EFD26B1D2F83E50000D5E2 /* ResetBG.jpeg */; };
		27EFD26E1D2F862F0000D5E2 /* ResetPasswordViewController.swift in Sources */ = {isa = PBXBuildFile; fileRef = 27EFD26D1D2F862F0000D5E2 /* ResetPasswordViewController.swift */; };
/* End PBXBuildFile section */

/* Begin PBXFileReference section */
		27EFD2421D2F70BF0000D5E2 /* Swift Academy.app */ = {isa = PBXFileReference; explicitFileType = wrapper.application; includeInIndex = 0; path = "Swift Academy.app"; sourceTree = BUILT_PRODUCTS_DIR; };
		27EFD2451D2F70BF0000D5E2 /* AppDelegate.swift */ = {isa = PBXFileReference; lastKnownFileType = sourcecode.swift; path = AppDelegate.swift; sourceTree = "<group>"; };
		27EFD2471D2F70BF0000D5E2 /* LoginViewController.swift */ = {isa = PBXFileReference; lastKnownFileType = sourcecode.swift; path = LoginViewController.swift; sourceTree = "<group>"; };
		27EFD24A1D2F70BF0000D5E2 /* Base */ = {isa = PBXFileReference; lastKnownFileType = file.storyboard; name = Base; path = Base.lproj/Main.storyboard; sourceTree = "<group>"; };
		27EFD24C1D2F70BF0000D5E2 /* Assets.xcassets */ = {isa = PBXFileReference; lastKnownFileType = folder.assetcatalog; path = Assets.xcassets; sourceTree = "<group>"; };
		27EFD24F1D2F70BF0000D5E2 /* Base */ = {isa = PBXFileReference; lastKnownFileType = file.storyboard; name = Base; path = Base.lproj/LaunchScreen.storyboard; sourceTree = "<group>"; };
		27EFD2511D2F70BF0000D5E2 /* Info.plist */ = {isa = PBXFileReference; lastKnownFileType = text.plist.xml; path = Info.plist; sourceTree = "<group>"; };
		27EFD2571D2F720A0000D5E2 /* SignUpBG.jpeg */ = {isa = PBXFileReference; lastKnownFileType = image.jpeg; path = SignUpBG.jpeg; sourceTree = "<group>"; };
		27EFD2591D2F720A0000D5E2 /* LoginBG.jpeg */ = {isa = PBXFileReference; lastKnownFileType = image.jpeg; path = LoginBG.jpeg; sourceTree = "<group>"; };
		27EFD25E1D2F7A4F0000D5E2 /* CustomizableButton.swift */ = {isa = PBXFileReference; fileEncoding = 4; lastKnownFileType = sourcecode.swift; path = CustomizableButton.swift; sourceTree = "<group>"; };
		27EFD2601D2F7A660000D5E2 /* CustomizableTextField.swift */ = {isa = PBXFileReference; fileEncoding = 4; lastKnownFileType = sourcecode.swift; path = CustomizableTextField.swift; sourceTree = "<group>"; };
		27EFD2641D2F7E610000D5E2 /* user-placeholder.jpg */ = {isa = PBXFileReference; lastKnownFileType = image.jpeg; path = "user-placeholder.jpg"; sourceTree = "<group>"; };
		27EFD2661D2F7EAD0000D5E2 /* CustomizableImageView.swift */ = {isa = PBXFileReference; fileEncoding = 4; lastKnownFileType = sourcecode.swift; path = CustomizableImageView.swift; sourceTree = "<group>"; };
		27EFD2691D2F80050000D5E2 /* SignupViewController.swift */ = {isa = PBXFileReference; fileEncoding = 4; lastKnownFileType = sourcecode.swift; path = SignupViewController.swift; sourceTree = "<group>"; };
		27EFD26B1D2F83E50000D5E2 /* ResetBG.jpeg */ = {isa = PBXFileReference; lastKnownFileType = image.jpeg; path = ResetBG.jpeg; sourceTree = "<group>"; };
		27EFD26D1D2F862F0000D5E2 /* ResetPasswordViewController.swift */ = {isa = PBXFileReference; fileEncoding = 4; lastKnownFileType = sourcecode.swift; path = ResetPasswordViewController.swift; sourceTree = "<group>"; };
/* End PBXFileReference section */

/* Begin PBXFrameworksBuildPhase section */
		27EFD23F1D2F70BF0000D5E2 /* Frameworks */ = {
			isa = PBXFrameworksBuildPhase;
			buildActionMask = 2147483647;
			files = (
			);
			runOnlyForDeploymentPostprocessing = 0;
		};
/* End PBXFrameworksBuildPhase section */

/* Begin PBXGroup section */
		27EFD2391D2F70BF0000D5E2 = {
			isa = PBXGroup;
			children = (
				27EFD2441D2F70BF0000D5E2 /* Swift Academy */,
				27EFD2431D2F70BF0000D5E2 /* Products */,
			);
			sourceTree = "<group>";
		};
		27EFD2431D2F70BF0000D5E2 /* Products */ = {
			isa = PBXGroup;
			children = (
				27EFD2421D2F70BF0000D5E2 /* Swift Academy.app */,
			);
			name = Products;
			sourceTree = "<group>";
		};
		27EFD2441D2F70BF0000D5E2 /* Swift Academy */ = {
			isa = PBXGroup;
			children = (
				27EFD2681D2F7FED0000D5E2 /* Controllers */,
				27EFD2621D2F7A710000D5E2 /* Customizable Controls */,
				27EFD2631D2F7A8A0000D5E2 /* Supporting Files */,
				27EFD25D1D2F72370000D5E2 /* Background Images */,
			);
			path = "Swift Academy";
			sourceTree = "<group>";
		};
		27EFD25D1D2F72370000D5E2 /* Background Images */ = {
			isa = PBXGroup;
			children = (
				27EFD26B1D2F83E50000D5E2 /* ResetBG.jpeg */,
				27EFD2641D2F7E610000D5E2 /* user-placeholder.jpg */,
				27EFD2571D2F720A0000D5E2 /* SignUpBG.jpeg */,
				27EFD2591D2F720A0000D5E2 /* LoginBG.jpeg */,
			);
			name = "Background Images";
			sourceTree = "<group>";
		};
		27EFD2621D2F7A710000D5E2 /* Customizable Controls */ = {
			isa = PBXGroup;
			children = (
				27EFD25E1D2F7A4F0000D5E2 /* CustomizableButton.swift */,
				27EFD2601D2F7A660000D5E2 /* CustomizableTextField.swift */,
				27EFD2661D2F7EAD0000D5E2 /* CustomizableImageView.swift */,
			);
			name = "Customizable Controls";
			sourceTree = "<group>";
		};
		27EFD2631D2F7A8A0000D5E2 /* Supporting Files */ = {
			isa = PBXGroup;
			children = (
				27EFD2491D2F70BF0000D5E2 /* Main.storyboard */,
				27EFD24C1D2F70BF0000D5E2 /* Assets.xcassets */,
				27EFD24E1D2F70BF0000D5E2 /* LaunchScreen.storyboard */,
				27EFD2511D2F70BF0000D5E2 /* Info.plist */,
			);
			name = "Supporting Files";
			sourceTree = "<group>";
		};
		27EFD2681D2F7FED0000D5E2 /* Controllers */ = {
			isa = PBXGroup;
			children = (
				27EFD2451D2F70BF0000D5E2 /* AppDelegate.swift */,
				27EFD2471D2F70BF0000D5E2 /* LoginViewController.swift */,
				27EFD2691D2F80050000D5E2 /* SignupViewController.swift */,
				27EFD26D1D2F862F0000D5E2 /* ResetPasswordViewController.swift */,
			);
			name = Controllers;
			sourceTree = "<group>";
		};
/* End PBXGroup section */

/* Begin PBXNativeTarget section */
		27EFD2411D2F70BF0000D5E2 /* Swift Academy */ = {
			isa = PBXNativeTarget;
			buildConfigurationList = 27EFD2541D2F70BF0000D5E2 /* Build configuration list for PBXNativeTarget "Swift Academy" */;
			buildPhases = (
				27EFD23E1D2F70BF0000D5E2 /* Sources */,
				27EFD23F1D2F70BF0000D5E2 /* Frameworks */,
				27EFD2401D2F70BF0000D5E2 /* Resources */,
			);
			buildRules = (
			);
			dependencies = (
			);
			name = "Swift Academy";
			productName = "Swift Academy";
			productReference = 27EFD2421D2F70BF0000D5E2 /* Swift Academy.app */;
			productType = "com.apple.product-type.application";
		};
/* End PBXNativeTarget section */

/* Begin PBXProject section */
		27EFD23A1D2F70BF0000D5E2 /* Project object */ = {
			isa = PBXProject;
			attributes = {
				LastSwiftUpdateCheck = 0730;
				LastUpgradeCheck = 0730;
				ORGANIZATIONNAME = "Frezy Stone Mboumba";
				TargetAttributes = {
					27EFD2411D2F70BF0000D5E2 = {
						CreatedOnToolsVersion = 7.3.1;
					};
				};
			};
			buildConfigurationList = 27EFD23D1D2F70BF0000D5E2 /* Build configuration list for PBXProject "Swift Academy" */;
			compatibilityVersion = "Xcode 3.2";
			developmentRegion = English;
			hasScannedForEncodings = 0;
			knownRegions = (
				en,
				Base,
			);
			mainGroup = 27EFD2391D2F70BF0000D5E2;
			productRefGroup = 27EFD2431D2F70BF0000D5E2 /* Products */;
			projectDirPath = "";
			projectRoot = "";
			targets = (
				27EFD2411D2F70BF0000D5E2 /* Swift Academy */,
			);
		};
/* End PBXProject section */

/* Begin PBXResourcesBuildPhase section */
		27EFD2401D2F70BF0000D5E2 /* Resources */ = {
			isa = PBXResourcesBuildPhase;
			buildActionMask = 2147483647;
			files = (
				27EFD2501D2F70BF0000D5E2 /* LaunchScreen.storyboard in Resources */,
				27EFD24D1D2F70BF0000D5E2 /* Assets.xcassets in Resources */,
				27EFD25C1D2F720A0000D5E2 /* LoginBG.jpeg in Resources */,
				27EFD2651D2F7E610000D5E2 /* user-placeholder.jpg in Resources */,
				27EFD24B1D2F70BF0000D5E2 /* Main.storyboard in Resources */,
				27EFD26C1D2F83E50000D5E2 /* ResetBG.jpeg in Resources */,
				27EFD25A1D2F720A0000D5E2 /* SignUpBG.jpeg in Resources */,
			);
			runOnlyForDeploymentPostprocessing = 0;
		};
/* End PBXResourcesBuildPhase section */

/* Begin PBXSourcesBuildPhase section */
		27EFD23E1D2F70BF0000D5E2 /* Sources */ = {
			isa = PBXSourcesBuildPhase;
			buildActionMask = 2147483647;
			files = (
				27EFD26A1D2F80050000D5E2 /* SignupViewController.swift in Sources */,
				27EFD2671D2F7EAD0000D5E2 /* CustomizableImageView.swift in Sources */,
				27EFD2481D2F70BF0000D5E2 /* LoginViewController.swift in Sources */,
				27EFD2611D2F7A660000D5E2 /* CustomizableTextField.swift in Sources */,
				27EFD2461D2F70BF0000D5E2 /* AppDelegate.swift in Sources */,
				27EFD25F1D2F7A500000D5E2 /* CustomizableButton.swift in Sources */,
				27EFD26E1D2F862F0000D5E2 /* ResetPasswordViewController.swift in Sources */,
			);
			runOnlyForDeploymentPostprocessing = 0;
		};
/* End PBXSourcesBuildPhase section */

/* Begin PBXVariantGroup section */
		27EFD2491D2F70BF0000D5E2 /* Main.storyboard */ = {
			isa = PBXVariantGroup;
			children = (
				27EFD24A1D2F70BF0000D5E2 /* Base */,
			);
			name = Main.storyboard;
			sourceTree = "<group>";
		};
		27EFD24E1D2F70BF0000D5E2 /* LaunchScreen.storyboard */ = {
			isa = PBXVariantGroup;
			children = (
				27EFD24F1D2F70BF0000D5E2 /* Base */,
			);
			name = LaunchScreen.storyboard;
			sourceTree = "<group>";
		};
/* End PBXVariantGroup section */

/* Begin XCBuildConfiguration section */
		27EFD2521D2F70BF0000D5E2 /* Debug */ = {
			isa = XCBuildConfiguration;
			buildSettings = {
				ALWAYS_SEARCH_USER_PATHS = NO;
				CLANG_ANALYZER_NONNULL = YES;
				CLANG_CXX_LANGUAGE_STANDARD = "gnu++0x";
				CLANG_CXX_LIBRARY = "libc++";
				CLANG_ENABLE_MODULES = YES;
				CLANG_ENABLE_OBJC_ARC = YES;
				CLANG_WARN_BOOL_CONVERSION = YES;
				CLANG_WARN_CONSTANT_CONVERSION = YES;
				CLANG_WARN_DIRECT_OBJC_ISA_USAGE = YES_ERROR;
				CLANG_WARN_EMPTY_BODY = YES;
				CLANG_WARN_ENUM_CONVERSION = YES;
				CLANG_WARN_INT_CONVERSION = YES;
				CLANG_WARN_OBJC_ROOT_CLASS = YES_ERROR;
				CLANG_WARN_UNREACHABLE_CODE = YES;
				CLANG_WARN__DUPLICATE_METHOD_MATCH = YES;
				"CODE_SIGN_IDENTITY[sdk=iphoneos*]" = "iPhone Developer";
				COPY_PHASE_STRIP = NO;
				DEBUG_INFORMATION_FORMAT = dwarf;
				ENABLE_STRICT_OBJC_MSGSEND = YES;
				ENABLE_TESTABILITY = YES;
				GCC_C_LANGUAGE_STANDARD = gnu99;
				GCC_DYNAMIC_NO_PIC = NO;
				GCC_NO_COMMON_BLOCKS = YES;
				GCC_OPTIMIZATION_LEVEL = 0;
				GCC_PREPROCESSOR_DEFINITIONS = (
					"DEBUG=1",
					"$(inherited)",
				);
				GCC_WARN_64_TO_32_BIT_CONVERSION = YES;
				GCC_WARN_ABOUT_RETURN_TYPE = YES_ERROR;
				GCC_WARN_UNDECLARED_SELECTOR = YES;
				GCC_WARN_UNINITIALIZED_AUTOS = YES_AGGRESSIVE;
				GCC_WARN_UNUSED_FUNCTION = YES;
				GCC_WARN_UNUSED_VARIABLE = YES;
				IPHONEOS_DEPLOYMENT_TARGET = 9.3;
				MTL_ENABLE_DEBUG_INFO = YES;
				ONLY_ACTIVE_ARCH = YES;
				SDKROOT = iphoneos;
				SWIFT_OPTIMIZATION_LEVEL = "-Onone";
			};
			name = Debug;
		};
		27EFD2531D2F70BF0000D5E2 /* Release */ = {
			isa = XCBuildConfiguration;
			buildSettings = {
				ALWAYS_SEARCH_USER_PATHS = NO;
				CLANG_ANALYZER_NONNULL = YES;
				CLANG_CXX_LANGUAGE_STANDARD = "gnu++0x";
				CLANG_CXX_LIBRARY = "libc++";
				CLANG_ENABLE_MODULES = YES;
				CLANG_ENABLE_OBJC_ARC = YES;
				CLANG_WARN_BOOL_CONVERSION = YES;
				CLANG_WARN_CONSTANT_CONVERSION = YES;
				CLANG_WARN_DIRECT_OBJC_ISA_USAGE = YES_ERROR;
				CLANG_WARN_EMPTY_BODY = YES;
				CLANG_WARN_ENUM_CONVERSION = YES;
				CLANG_WARN_INT_CONVERSION = YES;
				CLANG_WARN_OBJC_ROOT_CLASS = YES_ERROR;
				CLANG_WARN_UNREACHABLE_CODE = YES;
				CLANG_WARN__DUPLICATE_METHOD_MATCH = YES;
				"CODE_SIGN_IDENTITY[sdk=iphoneos*]" = "iPhone Developer";
				COPY_PHASE_STRIP = NO;
				DEBUG_INFORMATION_FORMAT = "dwarf-with-dsym";
				ENABLE_NS_ASSERTIONS = NO;
				ENABLE_STRICT_OBJC_MSGSEND = YES;
				GCC_C_LANGUAGE_STANDARD = gnu99;
				GCC_NO_COMMON_BLOCKS = YES;
				GCC_WARN_64_TO_32_BIT_CONVERSION = YES;
				GCC_WARN_ABOUT_RETURN_TYPE = YES_ERROR;
				GCC_WARN_UNDECLARED_SELECTOR = YES;
				GCC_WARN_UNINITIALIZED_AUTOS = YES_AGGRESSIVE;
				GCC_WARN_UNUSED_FUNCTION = YES;
				GCC_WARN_UNUSED_VARIABLE = YES;
				IPHONEOS_DEPLOYMENT_TARGET = 9.3;
				MTL_ENABLE_DEBUG_INFO = NO;
				SDKROOT = iphoneos;
				VALIDATE_PRODUCT = YES;
			};
			name = Release;
		};
		27EFD2551D2F70BF0000D5E2 /* Debug */ = {
			isa = XCBuildConfiguration;
			buildSettings = {
				ASSETCATALOG_COMPILER_APPICON_NAME = AppIcon;
				INFOPLIST_FILE = "Swift Academy/Info.plist";
				LD_RUNPATH_SEARCH_PATHS = "$(inherited) @executable_path/Frameworks";
				PRODUCT_BUNDLE_IDENTIFIER = "com.MaranathApp.Swift-Academy";
				PRODUCT_NAME = "$(TARGET_NAME)";
			};
			name = Debug;
		};
		27EFD2561D2F70BF0000D5E2 /* Release */ = {
			isa = XCBuildConfiguration;
			buildSettings = {
				ASSETCATALOG_COMPILER_APPICON_NAME = AppIcon;
				INFOPLIST_FILE = "Swift Academy/Info.plist";
				LD_RUNPATH_SEARCH_PATHS = "$(inherited) @executable_path/Frameworks";
				PRODUCT_BUNDLE_IDENTIFIER = "com.MaranathApp.Swift-Academy";
				PRODUCT_NAME = "$(TARGET_NAME)";
			};
			name = Release;
		};
/* End XCBuildConfiguration section */

/* Begin XCConfigurationList section */
		27EFD23D1D2F70BF0000D5E2 /* Build configuration list for PBXProject "Swift Academy" */ = {
			isa = XCConfigurationList;
			buildConfigurations = (
				27EFD2521D2F70BF0000D5E2 /* Debug */,
				27EFD2531D2F70BF0000D5E2 /* Release */,
			);
			defaultConfigurationIsVisible = 0;
			defaultConfigurationName = Release;
		};
		27EFD2541D2F70BF0000D5E2 /* Build configuration list for PBXNativeTarget "Swift Academy" */ = {
			isa = XCConfigurationList;
			buildConfigurations = (
				27EFD2551D2F70BF0000D5E2 /* Debug */,
				27EFD2561D2F70BF0000D5E2 /* Release */,
			);
			defaultConfigurationIsVisible = 0;
		};
/* End XCConfigurationList section */
	};
	rootObject = 27EFD23A1D2F70BF0000D5E2 /* Project object */;
}
